
Microsoft Visual Studio Solution File, Format Version 12.00
# Visual Studio 15
VisualStudioVersion = 15.0.26430.4
MinimumVisualStudioVersion = 10.0.40219.1
Project("{9A19103F-16F7-4668-BE54-9A1E7A4F7556}") = "Algos.ConsoleApp", "Algos.ConsoleApp\Algos.ConsoleApp.csproj", "{4F3438C3-6C1E-449F-AD28-CF76CB543232}"
EndProject
Project("{9A19103F-16F7-4668-BE54-9A1E7A4F7556}") = "Algos.Code", "Algos.Code\Algos.Code.csproj", "{95EC430E-01A6-44B8-B70B-A6E40D908C87}"
EndProject
Global
	GlobalSection(SolutionConfigurationPlatforms) = preSolution
		Debug|Any CPU = Debug|Any CPU
		Release|Any CPU = Release|Any CPU
	EndGlobalSection
	GlobalSection(ProjectConfigurationPlatforms) = postSolution
		{4F3438C3-6C1E-449F-AD28-CF76CB543232}.Debug|Any CPU.ActiveCfg = Debug|Any CPU
		{4F3438C3-6C1E-449F-AD28-CF76CB543232}.Debug|Any CPU.Build.0 = Debug|Any CPU
		{4F3438C3-6C1E-449F-AD28-CF76CB543232}.Release|Any CPU.ActiveCfg = Release|Any CPU
		{4F3438C3-6C1E-449F-AD28-CF76CB543232}.Release|Any CPU.Build.0 = Release|Any CPU
		{95EC430E-01A6-44B8-B70B-A6E40D908C87}.Debug|Any CPU.ActiveCfg = Debug|Any CPU
		{95EC430E-01A6-44B8-B70B-A6E40D908C87}.Debug|Any CPU.Build.0 = Debug|Any CPU
		{95EC430E-01A6-44B8-B70B-A6E40D908C87}.Release|Any CPU.ActiveCfg = Release|Any CPU
		{95EC430E-01A6-44B8-B70B-A6E40D908C87}.Release|Any CPU.Build.0 = Release|Any CPU
	EndGlobalSection
	GlobalSection(SolutionProperties) = preSolution
		HideSolutionNode = FALSE
	EndGlobalSection
EndGlobal
